
Microsoft Visual Studio Solution File, Format Version 12.00
# Visual Studio Version 17
VisualStudioVersion = 17.5.33530.505
MinimumVisualStudioVersion = 10.0.40219.1
Project("{FAE04EC0-301F-11D3-BF4B-00C04F79EFBC}") = "URLShortner", "URLShortner\URLShortner.csproj", "{FF5CCD43-E571-46C9-9FD1-FE95CE95841A}"
EndProject
Global
	GlobalSection(SolutionConfigurationPlatforms) = preSolution
		Debug|Any CPU = Debug|Any CPU
		Release|Any CPU = Release|Any CPU
	EndGlobalSection
	GlobalSection(ProjectConfigurationPlatforms) = postSolution
		{FF5CCD43-E571-46C9-9FD1-FE95CE95841A}.Debug|Any CPU.ActiveCfg = Debug|Any CPU
		{FF5CCD43-E571-46C9-9FD1-FE95CE95841A}.Debug|Any CPU.Build.0 = Debug|Any CPU
		{FF5CCD43-E571-46C9-9FD1-FE95CE95841A}.Release|Any CPU.ActiveCfg = Release|Any CPU
		{FF5CCD43-E571-46C9-9FD1-FE95CE95841A}.Release|Any CPU.Build.0 = Release|Any CPU
	EndGlobalSection
	GlobalSection(SolutionProperties) = preSolution
		HideSolutionNode = FALSE
	EndGlobalSection
	GlobalSection(ExtensibilityGlobals) = postSolution
		SolutionGuid = {65B4E8CB-5EF7-426D-A6B5-44DB5E89F7EF}
	EndGlobalSection
EndGlobal
